
Microsoft Visual Studio Solution File, Format Version 12.00
# Visual Studio Version 16
VisualStudioVersion = 16.0.31205.134
MinimumVisualStudioVersion = 10.0.40219.1
Project("{9A19103F-16F7-4668-BE54-9A1E7A4F7556}") = "CompanyApi", "CompanyApi\CompanyApi.csproj", "{5E062C81-F279-4A71-AFE2-B02DFEACEB34}"
EndProject
Global
	GlobalSection(SolutionConfigurationPlatforms) = preSolution
		Debug|Any CPU = Debug|Any CPU
		Release|Any CPU = Release|Any CPU
	EndGlobalSection
	GlobalSection(ProjectConfigurationPlatforms) = postSolution
		{5E062C81-F279-4A71-AFE2-B02DFEACEB34}.Debug|Any CPU.ActiveCfg = Debug|Any CPU
		{5E062C81-F279-4A71-AFE2-B02DFEACEB34}.Debug|Any CPU.Build.0 = Debug|Any CPU
		{5E062C81-F279-4A71-AFE2-B02DFEACEB34}.Release|Any CPU.ActiveCfg = Release|Any CPU
		{5E062C81-F279-4A71-AFE2-B02DFEACEB34}.Release|Any CPU.Build.0 = Release|Any CPU
	EndGlobalSection
	GlobalSection(SolutionProperties) = preSolution
		HideSolutionNode = FALSE
	EndGlobalSection
	GlobalSection(ExtensibilityGlobals) = postSolution
		SolutionGuid = {53962735-F4D3-415B-94E8-234F590B0C1E}
	EndGlobalSection
EndGlobal
